// !$*UTF8*$!
{
	archiveVersion = 1;
	classes = {
	};
	objectVersion = 56;
	objects = {

/* Begin PBXBuildFile section */
		604A15D629CC90E50093E2C0 /* AppDelegate.swift in Sources */ = {isa = PBXBuildFile; fileRef = 604A15D529CC90E50093E2C0 /* AppDelegate.swift */; };
		604A15D829CC90E50093E2C0 /* SceneDelegate.swift in Sources */ = {isa = PBXBuildFile; fileRef = 604A15D729CC90E50093E2C0 /* SceneDelegate.swift */; };
		604A15DA29CC90E50093E2C0 /* ViewController.swift in Sources */ = {isa = PBXBuildFile; fileRef = 604A15D929CC90E50093E2C0 /* ViewController.swift */; };
		604A15DF29CC90E60093E2C0 /* Assets.xcassets in Resources */ = {isa = PBXBuildFile; fileRef = 604A15DE29CC90E60093E2C0 /* Assets.xcassets */; };
		604A15E229CC90E60093E2C0 /* LaunchScreen.storyboard in Resources */ = {isa = PBXBuildFile; fileRef = 604A15E029CC90E60093E2C0 /* LaunchScreen.storyboard */; };
		604A15EB29CC914D0093E2C0 /* SnapKit in Frameworks */ = {isa = PBXBuildFile; productRef = 604A15EA29CC914D0093E2C0 /* SnapKit */; };
		604A15ED29CC91FF0093E2C0 /* Profile.swift in Sources */ = {isa = PBXBuildFile; fileRef = 604A15EC29CC91FF0093E2C0 /* Profile.swift */; };
		604A15EF29CCB5150093E2C0 /* ViewModel.swift in Sources */ = {isa = PBXBuildFile; fileRef = 604A15EE29CCB5150093E2C0 /* ViewModel.swift */; };
		604A15F129CCBAAE0093E2C0 /* TableViewController.swift in Sources */ = {isa = PBXBuildFile; fileRef = 604A15F029CCBAAE0093E2C0 /* TableViewController.swift */; };
		604A15F329CCBD990093E2C0 /* ProfileTableViewCell.swift in Sources */ = {isa = PBXBuildFile; fileRef = 604A15F229CCBD980093E2C0 /* ProfileTableViewCell.swift */; };
		604A15F529CCC6F30093E2C0 /* ViewModel2.swift in Sources */ = {isa = PBXBuildFile; fileRef = 604A15F429CCC6F30093E2C0 /* ViewModel2.swift */; };
		604A15F829CD5EAD0093E2C0 /* TableViewCellViewModel.swift in Sources */ = {isa = PBXBuildFile; fileRef = 604A15F729CD5EAD0093E2C0 /* TableViewCellViewModel.swift */; };
		604A15FA29CD6EA10093E2C0 /* DetailViewController.swift in Sources */ = {isa = PBXBuildFile; fileRef = 604A15F929CD6EA10093E2C0 /* DetailViewController.swift */; };
		604A15FD29CD6FD40093E2C0 /* TableViewModelType.swift in Sources */ = {isa = PBXBuildFile; fileRef = 604A15FC29CD6FD40093E2C0 /* TableViewModelType.swift */; };
		604A15FF29CD6FF70093E2C0 /* TableViewCellViewModelType.swift in Sources */ = {isa = PBXBuildFile; fileRef = 604A15FE29CD6FF70093E2C0 /* TableViewCellViewModelType.swift */; };
		604A160129CD70110093E2C0 /* DetailViewModelType.swift in Sources */ = {isa = PBXBuildFile; fileRef = 604A160029CD70110093E2C0 /* DetailViewModelType.swift */; };
		604A160429CD70D50093E2C0 /* DetailViewModel.swift in Sources */ = {isa = PBXBuildFile; fileRef = 604A160329CD70D50093E2C0 /* DetailViewModel.swift */; };
		604A160629CD9D5F0093E2C0 /* Box.swift in Sources */ = {isa = PBXBuildFile; fileRef = 604A160529CD9D5F0093E2C0 /* Box.swift */; };
		604A160B29CDA5AB0093E2C0 /* NetworkTableViewController.swift in Sources */ = {isa = PBXBuildFile; fileRef = 604A160A29CDA5AB0093E2C0 /* NetworkTableViewController.swift */; };
		604A160D29CDA8300093E2C0 /* NetworkViewModel.swift in Sources */ = {isa = PBXBuildFile; fileRef = 604A160C29CDA8300093E2C0 /* NetworkViewModel.swift */; };
		604A160F29CDA90C0093E2C0 /* NetworkManager.swift in Sources */ = {isa = PBXBuildFile; fileRef = 604A160E29CDA90C0093E2C0 /* NetworkManager.swift */; };
/* End PBXBuildFile section */

/* Begin PBXFileReference section */
		604A15D229CC90E50093E2C0 /* MVVM.app */ = {isa = PBXFileReference; explicitFileType = wrapper.application; includeInIndex = 0; path = MVVM.app; sourceTree = BUILT_PRODUCTS_DIR; };
		604A15D529CC90E50093E2C0 /* AppDelegate.swift */ = {isa = PBXFileReference; lastKnownFileType = sourcecode.swift; path = AppDelegate.swift; sourceTree = "<group>"; };
		604A15D729CC90E50093E2C0 /* SceneDelegate.swift */ = {isa = PBXFileReference; lastKnownFileType = sourcecode.swift; path = SceneDelegate.swift; sourceTree = "<group>"; };
		604A15D929CC90E50093E2C0 /* ViewController.swift */ = {isa = PBXFileReference; lastKnownFileType = sourcecode.swift; path = ViewController.swift; sourceTree = "<group>"; };
		604A15DE29CC90E60093E2C0 /* Assets.xcassets */ = {isa = PBXFileReference; lastKnownFileType = folder.assetcatalog; path = Assets.xcassets; sourceTree = "<group>"; };
		604A15E129CC90E60093E2C0 /* Base */ = {isa = PBXFileReference; lastKnownFileType = file.storyboard; name = Base; path = Base.lproj/LaunchScreen.storyboard; sourceTree = "<group>"; };
		604A15E329CC90E60093E2C0 /* Info.plist */ = {isa = PBXFileReference; lastKnownFileType = text.plist.xml; path = Info.plist; sourceTree = "<group>"; };
		604A15EC29CC91FF0093E2C0 /* Profile.swift */ = {isa = PBXFileReference; lastKnownFileType = sourcecode.swift; path = Profile.swift; sourceTree = "<group>"; };
		604A15EE29CCB5150093E2C0 /* ViewModel.swift */ = {isa = PBXFileReference; lastKnownFileType = sourcecode.swift; path = ViewModel.swift; sourceTree = "<group>"; };
		604A15F029CCBAAE0093E2C0 /* TableViewController.swift */ = {isa = PBXFileReference; lastKnownFileType = sourcecode.swift; path = TableViewController.swift; sourceTree = "<group>"; };
		604A15F229CCBD980093E2C0 /* ProfileTableViewCell.swift */ = {isa = PBXFileReference; lastKnownFileType = sourcecode.swift; path = ProfileTableViewCell.swift; sourceTree = "<group>"; };
		604A15F429CCC6F30093E2C0 /* ViewModel2.swift */ = {isa = PBXFileReference; lastKnownFileType = sourcecode.swift; path = ViewModel2.swift; sourceTree = "<group>"; };
		604A15F729CD5EAD0093E2C0 /* TableViewCellViewModel.swift */ = {isa = PBXFileReference; lastKnownFileType = sourcecode.swift; path = TableViewCellViewModel.swift; sourceTree = "<group>"; };
		604A15F929CD6EA10093E2C0 /* DetailViewController.swift */ = {isa = PBXFileReference; lastKnownFileType = sourcecode.swift; path = DetailViewController.swift; sourceTree = "<group>"; };
		604A15FC29CD6FD40093E2C0 /* TableViewModelType.swift */ = {isa = PBXFileReference; lastKnownFileType = sourcecode.swift; path = TableViewModelType.swift; sourceTree = "<group>"; };
		604A15FE29CD6FF70093E2C0 /* TableViewCellViewModelType.swift */ = {isa = PBXFileReference; lastKnownFileType = sourcecode.swift; path = TableViewCellViewModelType.swift; sourceTree = "<group>"; };
		604A160029CD70110093E2C0 /* DetailViewModelType.swift */ = {isa = PBXFileReference; lastKnownFileType = sourcecode.swift; path = DetailViewModelType.swift; sourceTree = "<group>"; };
		604A160329CD70D50093E2C0 /* DetailViewModel.swift */ = {isa = PBXFileReference; lastKnownFileType = sourcecode.swift; path = DetailViewModel.swift; sourceTree = "<group>"; };
		604A160529CD9D5F0093E2C0 /* Box.swift */ = {isa = PBXFileReference; lastKnownFileType = sourcecode.swift; path = Box.swift; sourceTree = "<group>"; };
		604A160A29CDA5AB0093E2C0 /* NetworkTableViewController.swift */ = {isa = PBXFileReference; lastKnownFileType = sourcecode.swift; path = NetworkTableViewController.swift; sourceTree = "<group>"; };
		604A160C29CDA8300093E2C0 /* NetworkViewModel.swift */ = {isa = PBXFileReference; lastKnownFileType = sourcecode.swift; path = NetworkViewModel.swift; sourceTree = "<group>"; };
		604A160E29CDA90C0093E2C0 /* NetworkManager.swift */ = {isa = PBXFileReference; lastKnownFileType = sourcecode.swift; path = NetworkManager.swift; sourceTree = "<group>"; };
/* End PBXFileReference section */

/* Begin PBXFrameworksBuildPhase section */
		604A15CF29CC90E50093E2C0 /* Frameworks */ = {
			isa = PBXFrameworksBuildPhase;
			buildActionMask = 2147483647;
			files = (
				604A15EB29CC914D0093E2C0 /* SnapKit in Frameworks */,
			);
			runOnlyForDeploymentPostprocessing = 0;
		};
/* End PBXFrameworksBuildPhase section */

/* Begin PBXGroup section */
		604A15C929CC90E40093E2C0 = {
			isa = PBXGroup;
			children = (
				604A15D429CC90E50093E2C0 /* MVVM */,
				604A15D329CC90E50093E2C0 /* Products */,
			);
			sourceTree = "<group>";
		};
		604A15D329CC90E50093E2C0 /* Products */ = {
			isa = PBXGroup;
			children = (
				604A15D229CC90E50093E2C0 /* MVVM.app */,
			);
			name = Products;
			sourceTree = "<group>";
		};
		604A15D429CC90E50093E2C0 /* MVVM */ = {
			isa = PBXGroup;
			children = (
				604A15D529CC90E50093E2C0 /* AppDelegate.swift */,
				604A15D729CC90E50093E2C0 /* SceneDelegate.swift */,
				604A15D929CC90E50093E2C0 /* ViewController.swift */,
				604A15DE29CC90E60093E2C0 /* Assets.xcassets */,
				604A15E029CC90E60093E2C0 /* LaunchScreen.storyboard */,
				604A15E329CC90E60093E2C0 /* Info.plist */,
				604A15EC29CC91FF0093E2C0 /* Profile.swift */,
				604A15EE29CCB5150093E2C0 /* ViewModel.swift */,
				604A160729CDA5370093E2C0 /* MVVM-NetworkManager */,
				604A15F629CD5E8F0093E2C0 /* TableView */,
			);
			path = MVVM;
			sourceTree = "<group>";
		};
		604A15F629CD5E8F0093E2C0 /* TableView */ = {
			isa = PBXGroup;
			children = (
				604A160229CD70AA0093E2C0 /* Controller */,
				604A15FB29CD6FAD0093E2C0 /* ViewModelType */,
				604A15F429CCC6F30093E2C0 /* ViewModel2.swift */,
				604A15F729CD5EAD0093E2C0 /* TableViewCellViewModel.swift */,
				604A160329CD70D50093E2C0 /* DetailViewModel.swift */,
				604A160529CD9D5F0093E2C0 /* Box.swift */,
			);
			path = TableView;
			sourceTree = "<group>";
		};
		604A15FB29CD6FAD0093E2C0 /* ViewModelType */ = {
			isa = PBXGroup;
			children = (
				604A15FC29CD6FD40093E2C0 /* TableViewModelType.swift */,
				604A15FE29CD6FF70093E2C0 /* TableViewCellViewModelType.swift */,
				604A160029CD70110093E2C0 /* DetailViewModelType.swift */,
			);
			path = ViewModelType;
			sourceTree = "<group>";
		};
		604A160229CD70AA0093E2C0 /* Controller */ = {
			isa = PBXGroup;
			children = (
				604A15F029CCBAAE0093E2C0 /* TableViewController.swift */,
				604A15F929CD6EA10093E2C0 /* DetailViewController.swift */,
				604A15F229CCBD980093E2C0 /* ProfileTableViewCell.swift */,
			);
			path = Controller;
			sourceTree = "<group>";
		};
		604A160729CDA5370093E2C0 /* MVVM-NetworkManager */ = {
			isa = PBXGroup;
			children = (
				604A160A29CDA5AB0093E2C0 /* NetworkTableViewController.swift */,
				604A160C29CDA8300093E2C0 /* NetworkViewModel.swift */,
				604A160E29CDA90C0093E2C0 /* NetworkManager.swift */,
			);
			path = "MVVM-NetworkManager";
			sourceTree = "<group>";
		};
/* End PBXGroup section */

/* Begin PBXNativeTarget section */
		604A15D129CC90E50093E2C0 /* MVVM */ = {
			isa = PBXNativeTarget;
			buildConfigurationList = 604A15E629CC90E60093E2C0 /* Build configuration list for PBXNativeTarget "MVVM" */;
			buildPhases = (
				604A15CE29CC90E50093E2C0 /* Sources */,
				604A15CF29CC90E50093E2C0 /* Frameworks */,
				604A15D029CC90E50093E2C0 /* Resources */,
			);
			buildRules = (
			);
			dependencies = (
			);
			name = MVVM;
			packageProductDependencies = (
				604A15EA29CC914D0093E2C0 /* SnapKit */,
			);
			productName = MVVM;
			productReference = 604A15D229CC90E50093E2C0 /* MVVM.app */;
			productType = "com.apple.product-type.application";
		};
/* End PBXNativeTarget section */

/* Begin PBXProject section */
		604A15CA29CC90E40093E2C0 /* Project object */ = {
			isa = PBXProject;
			attributes = {
				BuildIndependentTargetsInParallel = 1;
				LastSwiftUpdateCheck = 1400;
				LastUpgradeCheck = 1400;
				TargetAttributes = {
					604A15D129CC90E50093E2C0 = {
						CreatedOnToolsVersion = 14.0.1;
					};
				};
			};
			buildConfigurationList = 604A15CD29CC90E40093E2C0 /* Build configuration list for PBXProject "MVVM" */;
			compatibilityVersion = "Xcode 14.0";
			developmentRegion = en;
			hasScannedForEncodings = 0;
			knownRegions = (
				en,
				Base,
			);
			mainGroup = 604A15C929CC90E40093E2C0;
			packageReferences = (
				604A15E929CC914D0093E2C0 /* XCRemoteSwiftPackageReference "SnapKit" */,
			);
			productRefGroup = 604A15D329CC90E50093E2C0 /* Products */;
			projectDirPath = "";
			projectRoot = "";
			targets = (
				604A15D129CC90E50093E2C0 /* MVVM */,
			);
		};
/* End PBXProject section */

/* Begin PBXResourcesBuildPhase section */
		604A15D029CC90E50093E2C0 /* Resources */ = {
			isa = PBXResourcesBuildPhase;
			buildActionMask = 2147483647;
			files = (
				604A15E229CC90E60093E2C0 /* LaunchScreen.storyboard in Resources */,
				604A15DF29CC90E60093E2C0 /* Assets.xcassets in Resources */,
			);
			runOnlyForDeploymentPostprocessing = 0;
		};
/* End PBXResourcesBuildPhase section */

/* Begin PBXSourcesBuildPhase section */
		604A15CE29CC90E50093E2C0 /* Sources */ = {
			isa = PBXSourcesBuildPhase;
			buildActionMask = 2147483647;
			files = (
				604A160F29CDA90C0093E2C0 /* NetworkManager.swift in Sources */,
				604A160D29CDA8300093E2C0 /* NetworkViewModel.swift in Sources */,
				604A15EF29CCB5150093E2C0 /* ViewModel.swift in Sources */,
				604A15FD29CD6FD40093E2C0 /* TableViewModelType.swift in Sources */,
				604A15F529CCC6F30093E2C0 /* ViewModel2.swift in Sources */,
				604A15F329CCBD990093E2C0 /* ProfileTableViewCell.swift in Sources */,
				604A15FF29CD6FF70093E2C0 /* TableViewCellViewModelType.swift in Sources */,
				604A15F129CCBAAE0093E2C0 /* TableViewController.swift in Sources */,
				604A15DA29CC90E50093E2C0 /* ViewController.swift in Sources */,
				604A15ED29CC91FF0093E2C0 /* Profile.swift in Sources */,
				604A160B29CDA5AB0093E2C0 /* NetworkTableViewController.swift in Sources */,
				604A15F829CD5EAD0093E2C0 /* TableViewCellViewModel.swift in Sources */,
				604A160629CD9D5F0093E2C0 /* Box.swift in Sources */,
				604A160429CD70D50093E2C0 /* DetailViewModel.swift in Sources */,
				604A160129CD70110093E2C0 /* DetailViewModelType.swift in Sources */,
				604A15FA29CD6EA10093E2C0 /* DetailViewController.swift in Sources */,
				604A15D629CC90E50093E2C0 /* AppDelegate.swift in Sources */,
				604A15D829CC90E50093E2C0 /* SceneDelegate.swift in Sources */,
			);
			runOnlyForDeploymentPostprocessing = 0;
		};
/* End PBXSourcesBuildPhase section */

/* Begin PBXVariantGroup section */
		604A15E029CC90E60093E2C0 /* LaunchScreen.storyboard */ = {
			isa = PBXVariantGroup;
			children = (
				604A15E129CC90E60093E2C0 /* Base */,
			);
			name = LaunchScreen.storyboard;
			sourceTree = "<group>";
		};
/* End PBXVariantGroup section */

/* Begin XCBuildConfiguration section */
		604A15E429CC90E60093E2C0 /* Debug */ = {
			isa = XCBuildConfiguration;
			buildSettings = {
				ALWAYS_SEARCH_USER_PATHS = NO;
				CLANG_ANALYZER_NONNULL = YES;
				CLANG_ANALYZER_NUMBER_OBJECT_CONVERSION = YES_AGGRESSIVE;
				CLANG_CXX_LANGUAGE_STANDARD = "gnu++20";
				CLANG_ENABLE_MODULES = YES;
				CLANG_ENABLE_OBJC_ARC = YES;
				CLANG_ENABLE_OBJC_WEAK = YES;
				CLANG_WARN_BLOCK_CAPTURE_AUTORELEASING = YES;
				CLANG_WARN_BOOL_CONVERSION = YES;
				CLANG_WARN_COMMA = YES;
				CLANG_WARN_CONSTANT_CONVERSION = YES;
				CLANG_WARN_DEPRECATED_OBJC_IMPLEMENTATIONS = YES;
				CLANG_WARN_DIRECT_OBJC_ISA_USAGE = YES_ERROR;
				CLANG_WARN_DOCUMENTATION_COMMENTS = YES;
				CLANG_WARN_EMPTY_BODY = YES;
				CLANG_WARN_ENUM_CONVERSION = YES;
				CLANG_WARN_INFINITE_RECURSION = YES;
				CLANG_WARN_INT_CONVERSION = YES;
				CLANG_WARN_NON_LITERAL_NULL_CONVERSION = YES;
				CLANG_WARN_OBJC_IMPLICIT_RETAIN_SELF = YES;
				CLANG_WARN_OBJC_LITERAL_CONVERSION = YES;
				CLANG_WARN_OBJC_ROOT_CLASS = YES_ERROR;
				CLANG_WARN_QUOTED_INCLUDE_IN_FRAMEWORK_HEADER = YES;
				CLANG_WARN_RANGE_LOOP_ANALYSIS = YES;
				CLANG_WARN_STRICT_PROTOTYPES = YES;
				CLANG_WARN_SUSPICIOUS_MOVE = YES;
				CLANG_WARN_UNGUARDED_AVAILABILITY = YES_AGGRESSIVE;
				CLANG_WARN_UNREACHABLE_CODE = YES;
				CLANG_WARN__DUPLICATE_METHOD_MATCH = YES;
				COPY_PHASE_STRIP = NO;
				DEBUG_INFORMATION_FORMAT = dwarf;
				ENABLE_STRICT_OBJC_MSGSEND = YES;
				ENABLE_TESTABILITY = YES;
				GCC_C_LANGUAGE_STANDARD = gnu11;
				GCC_DYNAMIC_NO_PIC = NO;
				GCC_NO_COMMON_BLOCKS = YES;
				GCC_OPTIMIZATION_LEVEL = 0;
				GCC_PREPROCESSOR_DEFINITIONS = (
					"DEBUG=1",
					"$(inherited)",
				);
				GCC_WARN_64_TO_32_BIT_CONVERSION = YES;
				GCC_WARN_ABOUT_RETURN_TYPE = YES_ERROR;
				GCC_WARN_UNDECLARED_SELECTOR = YES;
				GCC_WARN_UNINITIALIZED_AUTOS = YES_AGGRESSIVE;
				GCC_WARN_UNUSED_FUNCTION = YES;
				GCC_WARN_UNUSED_VARIABLE = YES;
				IPHONEOS_DEPLOYMENT_TARGET = 16.0;
				MTL_ENABLE_DEBUG_INFO = INCLUDE_SOURCE;
				MTL_FAST_MATH = YES;
				ONLY_ACTIVE_ARCH = YES;
				SDKROOT = iphoneos;
				SWIFT_ACTIVE_COMPILATION_CONDITIONS = DEBUG;
				SWIFT_OPTIMIZATION_LEVEL = "-Onone";
			};
			name = Debug;
		};
		604A15E529CC90E60093E2C0 /* Release */ = {
			isa = XCBuildConfiguration;
			buildSettings = {
				ALWAYS_SEARCH_USER_PATHS = NO;
				CLANG_ANALYZER_NONNULL = YES;
				CLANG_ANALYZER_NUMBER_OBJECT_CONVERSION = YES_AGGRESSIVE;
				CLANG_CXX_LANGUAGE_STANDARD = "gnu++20";
				CLANG_ENABLE_MODULES = YES;
				CLANG_ENABLE_OBJC_ARC = YES;
				CLANG_ENABLE_OBJC_WEAK = YES;
				CLANG_WARN_BLOCK_CAPTURE_AUTORELEASING = YES;
				CLANG_WARN_BOOL_CONVERSION = YES;
				CLANG_WARN_COMMA = YES;
				CLANG_WARN_CONSTANT_CONVERSION = YES;
				CLANG_WARN_DEPRECATED_OBJC_IMPLEMENTATIONS = YES;
				CLANG_WARN_DIRECT_OBJC_ISA_USAGE = YES_ERROR;
				CLANG_WARN_DOCUMENTATION_COMMENTS = YES;
				CLANG_WARN_EMPTY_BODY = YES;
				CLANG_WARN_ENUM_CONVERSION = YES;
				CLANG_WARN_INFINITE_RECURSION = YES;
				CLANG_WARN_INT_CONVERSION = YES;
				CLANG_WARN_NON_LITERAL_NULL_CONVERSION = YES;
				CLANG_WARN_OBJC_IMPLICIT_RETAIN_SELF = YES;
				CLANG_WARN_OBJC_LITERAL_CONVERSION = YES;
				CLANG_WARN_OBJC_ROOT_CLASS = YES_ERROR;
				CLANG_WARN_QUOTED_INCLUDE_IN_FRAMEWORK_HEADER = YES;
				CLANG_WARN_RANGE_LOOP_ANALYSIS = YES;
				CLANG_WARN_STRICT_PROTOTYPES = YES;
				CLANG_WARN_SUSPICIOUS_MOVE = YES;
				CLANG_WARN_UNGUARDED_AVAILABILITY = YES_AGGRESSIVE;
				CLANG_WARN_UNREACHABLE_CODE = YES;
				CLANG_WARN__DUPLICATE_METHOD_MATCH = YES;
				COPY_PHASE_STRIP = NO;
				DEBUG_INFORMATION_FORMAT = "dwarf-with-dsym";
				ENABLE_NS_ASSERTIONS = NO;
				ENABLE_STRICT_OBJC_MSGSEND = YES;
				GCC_C_LANGUAGE_STANDARD = gnu11;
				GCC_NO_COMMON_BLOCKS = YES;
				GCC_WARN_64_TO_32_BIT_CONVERSION = YES;
				GCC_WARN_ABOUT_RETURN_TYPE = YES_ERROR;
				GCC_WARN_UNDECLARED_SELECTOR = YES;
				GCC_WARN_UNINITIALIZED_AUTOS = YES_AGGRESSIVE;
				GCC_WARN_UNUSED_FUNCTION = YES;
				GCC_WARN_UNUSED_VARIABLE = YES;
				IPHONEOS_DEPLOYMENT_TARGET = 16.0;
				MTL_ENABLE_DEBUG_INFO = NO;
				MTL_FAST_MATH = YES;
				SDKROOT = iphoneos;
				SWIFT_COMPILATION_MODE = wholemodule;
				SWIFT_OPTIMIZATION_LEVEL = "-O";
				VALIDATE_PRODUCT = YES;
			};
			name = Release;
		};
		604A15E729CC90E60093E2C0 /* Debug */ = {
			isa = XCBuildConfiguration;
			buildSettings = {
				ASSETCATALOG_COMPILER_APPICON_NAME = AppIcon;
				ASSETCATALOG_COMPILER_GLOBAL_ACCENT_COLOR_NAME = AccentColor;
				CODE_SIGN_STYLE = Automatic;
				CURRENT_PROJECT_VERSION = 1;
				DEVELOPMENT_TEAM = 6YX8RWQNTP;
				GENERATE_INFOPLIST_FILE = YES;
				INFOPLIST_FILE = MVVM/Info.plist;
				INFOPLIST_KEY_UIApplicationSupportsIndirectInputEvents = YES;
				INFOPLIST_KEY_UILaunchStoryboardName = LaunchScreen;
				INFOPLIST_KEY_UISupportedInterfaceOrientations_iPad = "UIInterfaceOrientationPortrait UIInterfaceOrientationPortraitUpsideDown UIInterfaceOrientationLandscapeLeft UIInterfaceOrientationLandscapeRight";
				INFOPLIST_KEY_UISupportedInterfaceOrientations_iPhone = "UIInterfaceOrientationPortrait UIInterfaceOrientationLandscapeLeft UIInterfaceOrientationLandscapeRight";
				LD_RUNPATH_SEARCH_PATHS = (
					"$(inherited)",
					"@executable_path/Frameworks",
				);
				MARKETING_VERSION = 1.0;
				PRODUCT_BUNDLE_IDENTIFIER = adlet.zhan.MVVM;
				PRODUCT_NAME = "$(TARGET_NAME)";
				SWIFT_EMIT_LOC_STRINGS = YES;
				SWIFT_VERSION = 5.0;
				TARGETED_DEVICE_FAMILY = "1,2";
			};
			name = Debug;
		};
		604A15E829CC90E60093E2C0 /* Release */ = {
			isa = XCBuildConfiguration;
			buildSettings = {
				ASSETCATALOG_COMPILER_APPICON_NAME = AppIcon;
				ASSETCATALOG_COMPILER_GLOBAL_ACCENT_COLOR_NAME = AccentColor;
				CODE_SIGN_STYLE = Automatic;
				CURRENT_PROJECT_VERSION = 1;
				DEVELOPMENT_TEAM = 6YX8RWQNTP;
				GENERATE_INFOPLIST_FILE = YES;
				INFOPLIST_FILE = MVVM/Info.plist;
				INFOPLIST_KEY_UIApplicationSupportsIndirectInputEvents = YES;
				INFOPLIST_KEY_UILaunchStoryboardName = LaunchScreen;
				INFOPLIST_KEY_UISupportedInterfaceOrientations_iPad = "UIInterfaceOrientationPortrait UIInterfaceOrientationPortraitUpsideDown UIInterfaceOrientationLandscapeLeft UIInterfaceOrientationLandscapeRight";
				INFOPLIST_KEY_UISupportedInterfaceOrientations_iPhone = "UIInterfaceOrientationPortrait UIInterfaceOrientationLandscapeLeft UIInterfaceOrientationLandscapeRight";
				LD_RUNPATH_SEARCH_PATHS = (
					"$(inherited)",
					"@executable_path/Frameworks",
				);
				MARKETING_VERSION = 1.0;
				PRODUCT_BUNDLE_IDENTIFIER = adlet.zhan.MVVM;
				PRODUCT_NAME = "$(TARGET_NAME)";
				SWIFT_EMIT_LOC_STRINGS = YES;
				SWIFT_VERSION = 5.0;
				TARGETED_DEVICE_FAMILY = "1,2";
			};
			name = Release;
		};
/* End XCBuildConfiguration section */

/* Begin XCConfigurationList section */
		604A15CD29CC90E40093E2C0 /* Build configuration list for PBXProject "MVVM" */ = {
			isa = XCConfigurationList;
			buildConfigurations = (
				604A15E429CC90E60093E2C0 /* Debug */,
				604A15E529CC90E60093E2C0 /* Release */,
			);
			defaultConfigurationIsVisible = 0;
			defaultConfigurationName = Release;
		};
		604A15E629CC90E60093E2C0 /* Build configuration list for PBXNativeTarget "MVVM" */ = {
			isa = XCConfigurationList;
			buildConfigurations = (
				604A15E729CC90E60093E2C0 /* Debug */,
				604A15E829CC90E60093E2C0 /* Release */,
			);
			defaultConfigurationIsVisible = 0;
			defaultConfigurationName = Release;
		};
/* End XCConfigurationList section */

/* Begin XCRemoteSwiftPackageReference section */
		604A15E929CC914D0093E2C0 /* XCRemoteSwiftPackageReference "SnapKit" */ = {
			isa = XCRemoteSwiftPackageReference;
			repositoryURL = "https://github.com/SnapKit/SnapKit.git";
			requirement = {
				kind = upToNextMajorVersion;
				minimumVersion = 5.0.0;
			};
		};
/* End XCRemoteSwiftPackageReference section */

/* Begin XCSwiftPackageProductDependency section */
		604A15EA29CC914D0093E2C0 /* SnapKit */ = {
			isa = XCSwiftPackageProductDependency;
			package = 604A15E929CC914D0093E2C0 /* XCRemoteSwiftPackageReference "SnapKit" */;
			productName = SnapKit;
		};
/* End XCSwiftPackageProductDependency section */
	};
	rootObject = 604A15CA29CC90E40093E2C0 /* Project object */;
}
